# Generated by lock_dependencies.py for Python 3.11; do not edit.
# direct-dependency: Pillow==12.3.0
# direct-dependency: PyJWT==2.13.0
# direct-dependency: alembic==1.16.5
# direct-dependency: arize-phoenix-otel==0.17.1
# direct-dependency: arize-phoenix==18.1.0
# direct-dependency: fastapi==0.137.0
# direct-dependency: httpx==0.28.1
# direct-dependency: langgraph-checkpoint-postgres==3.1.2
# direct-dependency: langgraph==1.2.11
# direct-dependency: mypy==1.18.2
# direct-dependency: openinference-instrumentation-langchain==0.1.72
# direct-dependency: psycopg[binary]==3.2.13
# direct-dependency: pwdlib[argon2]==0.3.1
# direct-dependency: pydantic-settings==2.11.0
# direct-dependency: pytest==8.4.2
# direct-dependency: python-multipart==0.0.32
# direct-dependency: ruff==0.12.12
# direct-dependency: sqlalchemy==2.0.52
# direct-dependency: uvicorn[standard]==0.39.0

aiofile==3.12.3 --hash=sha256:5c1bcc9e929c50834608e8cc1a4cc1d7503eb60c15a535b779fd39e2f372c017
aioitertools==0.13.0 --hash=sha256:0be0292b856f08dfac90e31f4739432f4cb6d7520ab9eb73e143f4f2fa5259be
aiosqlite==0.22.1 --hash=sha256:21c002eb13823fad740196c5a2e9d8e62f6243bd9e7e4a1f87fb5e44ecb4fceb
alembic==1.16.5 --hash=sha256:e845dfe090c5ffa7b92593ae6687c5cb1a101e91fa53868497dbd79847f9dbe3
annotated-doc==0.0.5 --hash=sha256:117bac03a25ede5df5440e855b32d556049ca169ead221505badf432fed4b101
annotated-types==0.8.0 --hash=sha256:f072f4d804ea359e4eaf198b1af7a8b0943881a87f31bb764f8bf219bb9419e0
anthropic==1.2.0 --hash=sha256:b60642b3e3cd6b8e3e328a2d3f2863ad2b6e743f1037e42cc0143f7df99f63c6
anyio==4.14.2 --hash=sha256:9f505dda5ac9f0c8309b5e8bd445a8c2bf7246f3ce950121e45ea15bc41d1494
argon2-cffi==25.1.0 --hash=sha256:fdc8b074db390fccb6eb4a3604ae7231f219aa669a2652e0f20e16ba513d5741
argon2-cffi-bindings==26.1.0 --hash=sha256:21ca0396fe5ec995dd54431c32698189666f9224810acfa752e50d2bd94d9df2
arize-phoenix==18.1.0 --hash=sha256:6b446f3f4dab053cc916d0aeb32c35d4ed022ec25f4ef0402e4492fc0d63ffd9
arize-phoenix-client==3.3.0 --hash=sha256:387009ba1cdb9999d1080afbdb75d052be2f2798771856ccc721f522e7fee784
arize-phoenix-evals==3.5.1 --hash=sha256:ab7e5d5abf4787946fafa6c70e1ae7a0161a767b86a2be924c47ccbbd20a57f5
arize-phoenix-otel==0.17.1 --hash=sha256:ef2468290e73d3149729c72715267e547f5ad9a6700331dd2ca53b1a192d2a24
attrs==26.1.0 --hash=sha256:c647aa4a12dfbad9333ca4e71fe62ddc36f4e63b2d260a37a8b83d2f043ac309
Authlib==1.8.0 --hash=sha256:88aebbd9af6757e14e912d5dc007ae1dc1f3e27e3b2152ce7c552ee2c3b3c121
backports.tarfile==1.2.0 --hash=sha256:77e284d754527b01fb1e6fa8a1afe577858ebe4e9dad8919e34c862cb399bc34
bashkit==0.17.1 --hash=sha256:e29b02617150ff711e5b9090fc7b18958af410d93436f4f9c28162cc0163f8ae
beartype==0.22.9 --hash=sha256:d16c9bbc61ea14637596c5f6fbff2ee99cbe3573e46a716401734ef50c3060c2
boto3==1.43.83 --hash=sha256:73a3564f737d4516625964eee709a498fa98ccee6aca929febad2b0b5fbeae1e
botocore==1.43.83 --hash=sha256:bf75a6cf587c22d968e43e79fe122c39f82deafbe9c3422bc5d3e80b6210fc98
cachetools==7.1.7 --hash=sha256:ef98ef375ad188819ef2f9b3645e3987f4b8c5b7550e436ad998c2de78296df0
caio==0.12.2 --hash=sha256:a2a7f0fa3b49f219f09705717c73a618eecbb3d697701e20abb4771d17e2bbcf
certifi==2026.7.22 --hash=sha256:62f22742b58a1a33014a2b6b706588a8d7e2a88ae7bd1a6ebe8c992928483775
cffi==2.1.1 --hash=sha256:398aff33cee2767e3e781d2554c54bd0dff386bb437581e0d8011fde1a942ec1
charset-normalizer==3.5.1 --hash=sha256:eda059b6bc8bc0812d626fd91a7ce01bf583df0a61296eff390fd94141a34e30
click==8.5.0 --hash=sha256:255bc9599cf7748b4b1a446ccc735421bd08a2ae529a8b88597d3de5664ee360
cross-web==0.7.0 --hash=sha256:ddea9be3c68b48eaf16561847a5831a559786949c544b3701432e00a4e8d19d9
cryptography==50.0.1 --hash=sha256:b8f852c65863251b9e3a1b8c150ce21e59b522dbb6a7d4bc80e680d38388e986
distro==1.9.0 --hash=sha256:7bffd925d65168f85027d8da9af6bddab658135b840670a223589bc0c8ef02b2
dnspython==2.8.0 --hash=sha256:01d9bbc4a2d76bf0db7c1f729812ded6d912bd318d3b1cf81d30c0f845dbf3af
docstring_parser==0.18.0 --hash=sha256:b3fcbed555c47d8479be0796ef7e19c2670d428d72e96da63f3a40122860374b
email-validator==2.3.0 --hash=sha256:80f13f623413e6b197ae73bb10bf4eb0908faf509ad8362c5edeb0be7fd450b4
exceptiongroup==1.3.1 --hash=sha256:a7a39a3bd276781e98394987d3a5701d0c4edffb633bb7a5144577f82c773598
fastapi==0.137.0 --hash=sha256:6dcbde8d464f92117c1accb9e42720f8e423fa9b86cb563b1f5862f785a06498
fastmcp-slim==3.4.7 --hash=sha256:6c931a0089705f3f2935428ef9b2bc74ad94140adc64aab84d116d103e694b3a
genai-prices==0.1.4 --hash=sha256:1d1b01cc7ab1adfa17c3a1121f4c13990bd0a4377640ecd37ebfde5836768240
google-auth==2.57.0 --hash=sha256:180dafe015cfb62193bea26b677500fab5b9fd51a1e825ebf3ad9b182047ae59
google-genai==2.20.0 --hash=sha256:49bddeccd29a4e6bf1706c5de67735f7115f537f08b6c36a70b8023c99399095
googleapis-common-protos==1.75.2 --hash=sha256:6b83302f554ea93a0f48409c7fc2050f954bcbcddb7e3a9c76d4a823cb22920e
graphql-core==3.2.12 --hash=sha256:3d8f104532070485e13caa4092c1e71cda2ba6cffd96e98f285111ee10ed1e51
greenlet==3.5.5 --hash=sha256:be63afcbbccfad3dd95a1ba12ada84dab2ef32031973d80b5b92df67fa763a61
griffelib==2.2.0 --hash=sha256:d71c3bc2bbed9f958488634fe788b843a9f705d6d2838ca32cd6c25eeb64dfc4
grpc-interceptor==0.15.4 --hash=sha256:0035f33228693ed3767ee49d937bac424318db173fef4d2d0170b3215f254d9d
grpcio==1.83.1 --hash=sha256:547645f02499c972f3edec9be4db9997f1d03df307c1c199772342ed6d8b3c6d
h11==0.16.0 --hash=sha256:63cf8bbe7522de3bf65932fda1d9c2772064ffb3dae62d55932da54b31cb6c86
httpcore==1.0.9 --hash=sha256:2d400746a40668fc9dec9810239072b40b4484b640a8c38fd654a024c7a1bf55
httpcore2==2.12.0 --hash=sha256:7e04258ce01013d7d615e5b910a3b27fac937d7a95038227e79652b4ba3b4ceb
httptools==0.8.0 --hash=sha256:9518c406d7b310f05adb1a37f80acabac40504a575d7c0da6d3e365c695ac20d
httpx==0.28.1 --hash=sha256:d909fcccc110f8c7faf814ca82a9a4d816bc5a6dbfea25d6591d6985b8ba59ad
httpx-sse==0.4.3 --hash=sha256:0ac1c9fe3c0afad2e0ebb25a934a59f4c7823b60792691f779fad2c5568830fc
httpx2==2.12.0 --hash=sha256:cc8b6eecb8661c146b8f89a60e97456ee086e91a784ed31ac450c3a9e613dd36
idna==3.19 --hash=sha256:815e7be7a7806d54abb586dc943addc79e8b2ee16915059658cbeff4b1b43bf4
importlib_metadata==9.0.1 --hash=sha256:bba5600596a7e21f3eef53281cf28d6a5195634d2f2b78ff9501a3272c6eaab0
iniconfig==2.3.0 --hash=sha256:f631c04d2c48c52b84d0d0549c99ff3859c98df65b3101406327ecc7d53fbf12
jaraco.classes==3.4.0 --hash=sha256:f662826b6bed8cace05e7ff873ce0f9283b5c924470fe664fff1c2f00f581790
jaraco.context==6.1.2 --hash=sha256:bf8150b79a2d5d91ae48629d8b427a8f7ba0e1097dd6202a9059f29a36379535
jaraco.functools==4.6.0 --hash=sha256:99e3dc0060c5cbe8fcd1cdb36258e2a65ca40f1566b2033b12abb1bb44dd3c30
Jinja2==3.1.6 --hash=sha256:85ece4451f492d0c13c5dd7c13a64681a86afae63a5f347908daf103ce6d2f67
jiter==0.16.0 --hash=sha256:c90c0f63df322be920eda6ce622e3083d8906ba267f8220fe7873213b8b4430e
jmespath==1.1.0 --hash=sha256:a5663118de4908c91729bea0acadca56526eb2698e83de10cd116ae0f4e97c64
joblib==1.5.3 --hash=sha256:5fc3c5039fc5ca8c0276333a188bbd59d6b7ab37fe6632daa76bc7f9ec18e713
joserfc==1.7.5 --hash=sha256:add2c2c84e8373b084d526a8b53daba5d7a513a118cd2dcd9fc9f979d0922159
jsonpatch==1.33 --hash=sha256:0ae28c0cd062bbd8b8ecc26d7d164fbbea9652a1a3693f3b956c1eae5145dade
jsonpath-ng==1.8.0 --hash=sha256:b8dde192f8af58d646fc031fac9c99fe4d00326afc4148f1f043c601a8cfe138
jsonpointer==3.1.1 --hash=sha256:8ff8b95779d071ba472cf5bc913028df06031797532f08a7d5b602d8b2a488ca
jsonschema==4.26.0 --hash=sha256:d489f15263b8d200f8387e64b4c3a75f06629559fb73deb8fdfb525f2dab50ce
jsonschema-specifications==2025.9.1 --hash=sha256:98802fee3a11ee76ecaca44429fda8a41bff98b00a0f2838151b113f210cc6fe
keyring==25.7.0 --hash=sha256:be4a0b195f149690c166e850609a477c532ddbfbaed96a404d4e43f8d5e2689f
langchain-core==1.6.1 --hash=sha256:954a84132a5cb0435d27b910e336347b6744ecc18fbeef1e2de7029a0959841a
langchain-protocol==0.0.19 --hash=sha256:4cdf879a492a35980fd859ae792d3c65458ccaae504e183c9a10d7eac1f0720f
langgraph==1.2.11 --hash=sha256:8bab70de7b2d00b5300fb289bcf38d8b241400f3184c1e95e8ce706fb0e8686b
langgraph-checkpoint==4.2.0 --hash=sha256:0547fd228935a0b758865de3a3d6d7a2537c308895d0f9ab092ce9151b5da942
langgraph-checkpoint-postgres==3.1.2 --hash=sha256:6a7e38ef16985b54e356cba7bdaf447943aae33d5aaf290026c593bb6b4a6264
langgraph-prebuilt==1.1.0 --hash=sha256:51e311747d755b751d5c6b39b0c1446124d3a7643d2515017e6714b323508fc9
langgraph-sdk==0.4.4 --hash=sha256:39afe416c91742925e6f8a93715f566d499b36e1b636b804a4ffe3190e4f4e64
langsmith==0.11.2 --hash=sha256:75258142d27dffcc5df331479704b23fc3fd812cfca0469119bb9055a842882f
ldap3==2.9.1 --hash=sha256:5869596fc4948797020d3f03b7939da938778a0f9e2009f7a072ccf92b8e8d70
logfire-api==4.41.0 --hash=sha256:c71010d086c0211b04b4640181e836e8a75cc635fcfa7f712557f7b0676c1413
Mako==1.4.1 --hash=sha256:a359d9a94a541213958742b2698d0a7757bb83551767bc468a74b9905aba9617
markdown-it-py==4.2.0 --hash=sha256:9f7ebbcd14fe59494226453aed97c1070d83f8d24b6fc3a3bcf9a38092641c4a
MarkupSafe==3.0.3 --hash=sha256:4bd4cd07944443f5a265608cc6aab442e4f74dff8088b0dfc8238647b8f6ae9a
mcp==1.29.1 --hash=sha256:b6310eeb59153300c4ab8b9aec4c52f4819a2d6a8e429eb43d908bed7c783648
mdurl==0.1.2 --hash=sha256:84008a41e51615a49fc9966191ff91509e3c40b939176e643fd50a5c2196b8f8
more-itertools==11.1.0 --hash=sha256:4b65538ae22f6fed0ce4874efd317463a7489796a0939fa66824dd542125a192
mypy==1.18.2 --hash=sha256:776bb00de1778caf4db739c6e83919c1d85a448f71979b6a0edd774ea8399341
mypy_extensions==1.1.0 --hash=sha256:1be4cccdb0f2482337c4743e60421de3a356cd97508abadd57d47403e94f5505
narwhals==2.25.0 --hash=sha256:1f0f403e8c7e4463cde9bfe78b12fdd809e3ae3dda6d9b2f802934fb9c7a6a8f
numpy==2.4.6 --hash=sha256:4cfe66903cc32a9921a6733d96b19bb6abf310397581bbad89c228f5abaf0ee8
openai==3.6.0 --hash=sha256:508e2158bf971687f953b62e44b02f207792c815aac306816386d7ba34d37f5f
openinference-instrumentation==0.1.59 --hash=sha256:96eb1b9a29bc934e06db69fb2d10c9ccd676c3d5c328110db6c1a861e7c084bc
openinference-instrumentation-langchain==0.1.72 --hash=sha256:27a67089fd233fe544cc41fb851da09293d392e03bc909e0611f8f9761b96374
openinference-instrumentation-openai==0.1.57 --hash=sha256:c4c3c4d48c61f1a48d49367e5c4c95db60726d5e6956bcb1bdc604167cf45068
openinference-semantic-conventions==0.1.33 --hash=sha256:ae7207177afa97c0607a49313f57607bd3958750a3ec3078d98a540dfe3b88ad
opentelemetry-api==1.44.0 --hash=sha256:94b98c893a91b88657eaac1e3ba89618cdb85be6918196705354f34728b2cdef
opentelemetry-exporter-otlp==1.44.0 --hash=sha256:4a498fa8d8fd8be9e8e2d175fe5524a3fe581ccffadd8509db86526a5fb97051
opentelemetry-exporter-otlp-proto-common==1.44.0 --hash=sha256:9a9fe61bba73d802904bc989f1d6b4a7b1ee40f06c40e98d6f85af65aaebb694
opentelemetry-exporter-otlp-proto-grpc==1.44.0 --hash=sha256:6a1a645ea182a2f59440c51fa8301d309f3324a8f9d65f8395584b064b67ee4e
opentelemetry-exporter-otlp-proto-http==1.44.0 --hash=sha256:838592fce774c1c8bb7b9a0a7facbfa82e17be5a8a4e94cef10cb84ae026bae3
opentelemetry-instrumentation==0.65b0 --hash=sha256:ea967a72b9939b5fcfdad572753b4306c59dcb99e3f382d95dae04286805e137
opentelemetry-proto==1.44.0 --hash=sha256:898b155a0e1557afd867478fb6158e8122a46329ca0bb8dc53cc55e98f017f56
opentelemetry-sdk==1.44.0 --hash=sha256:df081c4c6bcfdb1211e3e86140376792643128a25f8d72d1d27675936e7e96ad
opentelemetry-semantic-conventions==0.65b0 --hash=sha256:1cacde7b0ad306f84c5ef08c3dbe1bbaf20165bba6f8bff43b670e555a086bcb
orjson==3.12.0 --hash=sha256:a696529ec96a90d9a5f9570207efe403c8b08f8e4aa2783ee3403511e2fdfa10
ormsgpack==1.12.2 --hash=sha256:bd5f4bf04c37888e864f08e740c5a573c4017f6fd6e99fa944c5c935fabf2dd9
packaging==26.3 --hash=sha256:d7193f7c8e4e93f444fde0262bf90af30e16fa0ad0ad44cb553c87339b23cd1c
pandas==3.0.5 --hash=sha256:71ecc8fb7ed1a7aa4392316b5309a6347e8e7f832f38fd897846b3a1457a9298
pathspec==1.1.1 --hash=sha256:a00ce642f577bf7f473932318056212bc4f8bfdf53128c78bbd5af0b9b20b189
pillow==12.3.0 --hash=sha256:37d6d0a00072fd2948eb22bce7e1475f34569d90c87c59f7a2ec59541b77f7a6
platformdirs==4.11.5 --hash=sha256:89f8d42695853b89c7170bd49bc3dc593f98a71e695ede88e06a3b247bc4563b
pluggy==1.6.0 --hash=sha256:e920276dd6813095e9377c0bc5566d94c932c33b27a3e3945d8389c374dd4746
prometheus_client==0.26.0 --hash=sha256:fa93d06737aa02bacd05794768508bb97d2fbee28cb3bca04eaae92f0ca953d6
protobuf==7.36.0 --hash=sha256:9103532dffd80c6fab7e50c65a31007680a06eb57537d437bb1b35812c138a37
psutil==7.2.2 --hash=sha256:1a7b04c10f32cc88ab39cbf606e117fd74721c831c98a27dc04578deb0c16979
psycopg==3.2.13 --hash=sha256:a481374514f2da627157f767a9336705ebefe93ea7a0522a6cbacba165da179a
psycopg-binary==3.2.13 --hash=sha256:8db77fac1dfe3f69c982db92a51fd78e1354fa8f523a6781a636123e5c7ffcde
psycopg-pool==3.3.1 --hash=sha256:2af5b432941c4c9ad5c87b3fa410aec910ec8f7c122855897983a06c45f2e4b5
pwdlib==0.3.1 --hash=sha256:944fa439198bed8ac3ea63dac76ea4ae43e2a35f4f21e9e725e82d3c2b97d6a5
py-key-value-aio==0.4.5 --hash=sha256:ab862adbcb8c72547d1c57821f22cbbb71ab86509039c96f36e914e0336c8dd7
pyarrow==25.0.1 --hash=sha256:51093dd9e10325fbdb3c10a2ae7c4806e5c822d94e74ae4938b26524a3323fee
pyasn1==0.6.4 --hash=sha256:deda9277cfd454080ec40b207fb6df82206a3a2688735233cdcd8d3d565f088b
pyasn1_modules==0.4.2 --hash=sha256:29253a9207ce32b64c3ac6600edc75368f98473906e8fd1043bd6b5b1de2c14a
pycparser==3.0 --hash=sha256:b727414169a36b7d524c1c3e31839a521725078d7b2ff038656844266160a992
pydantic==2.13.5 --hash=sha256:346a034f080da3755d8e9cb5e00e8b07de1d39e4f6e2c87d8ab7cafa0b269a73
pydantic-ai-slim==2.36.0 --hash=sha256:90957c37c99d3bfbfab4be632b733bf50d563686fbfbf8a2e42b6c91a4fca877
pydantic_core==2.46.5 --hash=sha256:d625a186a65201c23a9e3b8ed9c47e90a026e03256608cc91851c6709096844f
pydantic-graph==2.36.0 --hash=sha256:c0c7cddb87038298b367036d799b4b605b2a23858869b2b661706df6e1b811f2
pydantic-settings==2.11.0 --hash=sha256:fe2cea3413b9530d10f3a5875adffb17ada5c1e1bab0b2885546d7310415207c
Pygments==2.21.0 --hash=sha256:2363c69b61c4a97c838da3b130dcd6468f4848992b21a82f2a63ec34377137d9
PyJWT==2.13.0 --hash=sha256:66adcc2aff09b3f1bbd95fc1e1577df8ac8723c978552fd43304c8a290ac5728
pystache==0.6.8 --hash=sha256:7211e000974a6e06bce2d4d5cad8df03bcfffefd367209117376e4527a1c3cb8
pytest==8.4.2 --hash=sha256:872f880de3fc3a5bdc88a11b39c9710c3497a547cfa9320bc3c5e62fbf272e79
python-dateutil==2.9.0.post0 --hash=sha256:a8b2bc7bffae282281c8140a97d3aa9c14da0b136dfe83f850eea9a5f7470427
python-dotenv==1.2.3 --hash=sha256:904552145e8bfed22162c09dab1c2b9b54fefa7b23ba780f4f26ca0316b0f0d9
python-multipart==0.0.32 --hash=sha256:ff6d3f776f16878c894e52e107296ffc890e913c611b1a4ec6c44e2821fe2e23
PyYAML==6.0.3 --hash=sha256:652cb6edd41e718550aad172851962662ff2681490a8a711af6a4d288dd96824
referencing==0.37.0 --hash=sha256:381329a9f99628c9069361716891d34ad94af76e461dcb0335825aecc7692231
regex==2026.8.31 --hash=sha256:e169081d7ae955f4bd1a590a7ec29f1032eae6889539cf7047bd0f7b09daedc9
requests==2.34.2 --hash=sha256:2a0d60c172f83ac6ab31e4554906c0f3b3588d37b5cb939b1c061f4907e278e0
requests-toolbelt==1.0.0 --hash=sha256:cccfdd665f0a24fcf4726e690f65639d272bb0637b9b92dfd91a5568ccf6bd06
rich==15.0.0 --hash=sha256:33bd4ef74232fb73fe9279a257718407f169c09b78a87ad3d296f548e27de0bb
rpds-py==2026.6.3 --hash=sha256:db08f45aecde626498fb3df07bcf6d2ec040af42e859a4f5040d79c200342911
ruff==0.12.12 --hash=sha256:abf4073688d7d6da16611f2f126be86523a8ec4343d15d276c614bda8ec44edb
s3transfer==0.19.2 --hash=sha256:d8168eccca828cbb2cd573675333f3bddd254313a9c42494b84c76b539e8ba25
scikit-learn==1.9.0 --hash=sha256:f401448645a3e7bc115aa3c094097865155b34bff1cba8101857d9104e99074c
scipy==1.17.1 --hash=sha256:a3472cfbca0a54177d0faa68f697d8ba4c80bbdc19908c3465556d9f7efce9ee
six==1.17.0 --hash=sha256:4721f391ed90541fddacab5acf947aa0d3dc7d27b2e1e8eda2be8970586c3274
sniffio==1.3.1 --hash=sha256:2f6da418d1f1e0fddd844478f41680e794e6051915791a034ff65e5f100525a2
SQLAlchemy==2.0.52 --hash=sha256:e0c3ce43907374889f3352bdcc6195c970148a2cb71574cd0237a5071a37fb6c
sqlean.py==3.50.4.5 --hash=sha256:80ea9019bbbfb76914934f600e376393a25bb5318f76279e07448dde2d4b986d
sse-starlette==3.4.8 --hash=sha256:6e82314c786709a3cd9520f2285cf9fff90e181e598e8a357b0cf80f66afba0d
starlette==1.6.0 --hash=sha256:a86dd39d14bb45f85a3d18525215a9ef0cfd1f192ac793220e72598c90335f0c
strawberry-graphql==0.320.4 --hash=sha256:79a0172ecb372cd1855a199b78668629dc7c6e54276554d459ff51678385e389
tenacity==9.1.4 --hash=sha256:6095a360c919085f28c6527de529e76a06ad89b23659fa881ae0649b867a9d55
threadpoolctl==3.6.0 --hash=sha256:43a0b8fd5a2928500110039e43a5eed8480b918967083ea48dc3ab9f13c4a7fb
tiktoken==0.14.0 --hash=sha256:cd8ca1305c1c902fe42c486165f2e4808d9997625c98ffb05b9e0366d99d3948
tqdm==4.70.0 --hash=sha256:7f585706bfddbdebf89daac705b2dfcc16890130727d3197ca62c732b4310953
truststore==0.10.4 --hash=sha256:adaeaecf1cbb5f4de3b1959b42d41f6fab57b2b1666adb59e89cb0b53361d981
typing_extensions==4.16.0 --hash=sha256:481caa481374e813c1b176ada14e97f1f67a4539ce9cfeb3f350d78d6370c2e8
typing-inspection==0.4.4 --hash=sha256:65b8397ba37ccbce054456aaccddfc91e6e3083c92824df348d96ca832f3f147
urllib3==2.7.0 --hash=sha256:9fb4c81ebbb1ce9531cce37674bbc6f1360472bc18ca9a553ede278ef7276897
uuid_utils==0.17.0 --hash=sha256:f9b093cb3b6c9d6233ef45a05cab064d2aa0a8cb3c5777084c9e20fcb77c2371
uvicorn==0.39.0 --hash=sha256:7beec21bd2693562b386285b188a7963b06853c0d006302b3e4cfed950c9929a
uvloop==0.22.1 --hash=sha256:c60ebcd36f7b240b30788554b6f0782454826a0ed765d8430652621b5de674b9
watchfiles==1.2.0 --hash=sha256:6543cf55d170003296d185c0af981f3e1311564907e1f4e08671fc7693a890a5
websockets==16.1.1 --hash=sha256:1427fb4cf0d72f66333e2cacc3ff5f575bf2d7008166ce991a4a470b21d51a22
wrapt==2.4.0 --hash=sha256:fc1b2cebd6d8db9b4ac0adc817c08b4901922e85604ae2a69aecb5217b2c09d8
xxhash==4.0.1 --hash=sha256:04f9a24de11a6647666d5302fd73d6a5224ce50ddc965fb0bb44cee736e6bd7c
zipp==4.1.0 --hash=sha256:25ad4e16390cd314347dd8f1de67a2ac538ae658ed4ab9db16029c07c188e97f
zstandard==0.25.0 --hash=sha256:a3f79487c687b1fc69f19e487cd949bf3aae653d181dfb5fde3bf6d18894706f
